
Microsoft Visual Studio Solution File, Format Version 12.00
# Visual Studio Version 17
VisualStudioVersion = 17.13.35919.96 d17.13
MinimumVisualStudioVersion = 10.0.40219.1
Project("{FAE04EC0-301F-11D3-BF4B-00C04F79EFBC}") = "ConsoleApp1", "ConsoleApp1\ConsoleApp1.csproj", "{DA06F1A0-5227-4C24-896A-315823C62810}"
EndProject
Global
	GlobalSection(SolutionConfigurationPlatforms) = preSolution
		Debug|Any CPU = Debug|Any CPU
		Release|Any CPU = Release|Any CPU
	EndGlobalSection
	GlobalSection(ProjectConfigurationPlatforms) = postSolution
		{DA06F1A0-5227-4C24-896A-315823C62810}.Debug|Any CPU.ActiveCfg = Debug|Any CPU
		{DA06F1A0-5227-4C24-896A-315823C62810}.Debug|Any CPU.Build.0 = Debug|Any CPU
		{DA06F1A0-5227-4C24-896A-315823C62810}.Release|Any CPU.ActiveCfg = Release|Any CPU
		{DA06F1A0-5227-4C24-896A-315823C62810}.Release|Any CPU.Build.0 = Release|Any CPU
	EndGlobalSection
	GlobalSection(SolutionProperties) = preSolution
		HideSolutionNode = FALSE
	EndGlobalSection
	GlobalSection(ExtensibilityGlobals) = postSolution
		SolutionGuid = {CAB39CA4-11AA-4D09-B53D-CFA637BB813D}
	EndGlobalSection
EndGlobal
