
Microsoft Visual Studio Solution File, Format Version 12.00
# Visual Studio Version 17
VisualStudioVersion = 17.13.35931.197 d17.13
MinimumVisualStudioVersion = 10.0.40219.1
Project("{FAE04EC0-301F-11D3-BF4B-00C04F79EFBC}") = "Ex007", "Ex007.csproj", "{088E3475-8436-4873-B04B-5B9137C930DE}"
EndProject
Global
	GlobalSection(SolutionConfigurationPlatforms) = preSolution
		Debug|Any CPU = Debug|Any CPU
		Release|Any CPU = Release|Any CPU
	EndGlobalSection
	GlobalSection(ProjectConfigurationPlatforms) = postSolution
		{088E3475-8436-4873-B04B-5B9137C930DE}.Debug|Any CPU.ActiveCfg = Debug|Any CPU
		{088E3475-8436-4873-B04B-5B9137C930DE}.Debug|Any CPU.Build.0 = Debug|Any CPU
		{088E3475-8436-4873-B04B-5B9137C930DE}.Release|Any CPU.ActiveCfg = Release|Any CPU
		{088E3475-8436-4873-B04B-5B9137C930DE}.Release|Any CPU.Build.0 = Release|Any CPU
	EndGlobalSection
	GlobalSection(SolutionProperties) = preSolution
		HideSolutionNode = FALSE
	EndGlobalSection
	GlobalSection(ExtensibilityGlobals) = postSolution
		SolutionGuid = {C3D25AC8-FB4C-4EC1-8320-25D8FF58E234}
	EndGlobalSection
EndGlobal
