
Microsoft Visual Studio Solution File, Format Version 12.00
# Visual Studio Version 17
VisualStudioVersion = 17.13.35919.96 d17.13
MinimumVisualStudioVersion = 10.0.40219.1
Project("{FAE04EC0-301F-11D3-BF4B-00C04F79EFBC}") = "verificacao_de_login", "verificacao_de_login\verificacao_de_login.csproj", "{C30C120E-8918-43A6-85DE-598519B3D124}"
EndProject
Global
	GlobalSection(SolutionConfigurationPlatforms) = preSolution
		Debug|Any CPU = Debug|Any CPU
		Release|Any CPU = Release|Any CPU
	EndGlobalSection
	GlobalSection(ProjectConfigurationPlatforms) = postSolution
		{C30C120E-8918-43A6-85DE-598519B3D124}.Debug|Any CPU.ActiveCfg = Debug|Any CPU
		{C30C120E-8918-43A6-85DE-598519B3D124}.Debug|Any CPU.Build.0 = Debug|Any CPU
		{C30C120E-8918-43A6-85DE-598519B3D124}.Release|Any CPU.ActiveCfg = Release|Any CPU
		{C30C120E-8918-43A6-85DE-598519B3D124}.Release|Any CPU.Build.0 = Release|Any CPU
	EndGlobalSection
	GlobalSection(SolutionProperties) = preSolution
		HideSolutionNode = FALSE
	EndGlobalSection
	GlobalSection(ExtensibilityGlobals) = postSolution
		SolutionGuid = {9755074C-ED2D-42B9-B40C-EED694EC7EB2}
	EndGlobalSection
EndGlobal
